
Microsoft Visual Studio Solution File, Format Version 12.00
# Visual Studio Version 17
VisualStudioVersion = 17.1.32210.238
MinimumVisualStudioVersion = 10.0.40219.1
Project("{FAE04EC0-301F-11D3-BF4B-00C04F79EFBC}") = "MovieAPI", "MovieAPI\MovieAPI.csproj", "{5C71E774-2522-4E85-83B1-1912FF19A878}"
EndProject
Global
	GlobalSection(SolutionConfigurationPlatforms) = preSolution
		Debug|Any CPU = Debug|Any CPU
		Release|Any CPU = Release|Any CPU
	EndGlobalSection
	GlobalSection(ProjectConfigurationPlatforms) = postSolution
		{5C71E774-2522-4E85-83B1-1912FF19A878}.Debug|Any CPU.ActiveCfg = Debug|Any CPU
		{5C71E774-2522-4E85-83B1-1912FF19A878}.Debug|Any CPU.Build.0 = Debug|Any CPU
		{5C71E774-2522-4E85-83B1-1912FF19A878}.Release|Any CPU.ActiveCfg = Release|Any CPU
		{5C71E774-2522-4E85-83B1-1912FF19A878}.Release|Any CPU.Build.0 = Release|Any CPU
	EndGlobalSection
	GlobalSection(SolutionProperties) = preSolution
		HideSolutionNode = FALSE
	EndGlobalSection
	GlobalSection(ExtensibilityGlobals) = postSolution
		SolutionGuid = {172B7E00-E4FF-4296-A9AB-3DC2454B38E9}
	EndGlobalSection
EndGlobal
